
Microsoft Visual Studio Solution File, Format Version 12.00
# Visual Studio Version 17
VisualStudioVersion = 17.14.37531.7 d17.14
MinimumVisualStudioVersion = 10.0.40219.1
Project("{FAE04EC0-301F-11D3-BF4B-00C04F79EFBC}") = "Variables_1", "Variables_1.csproj", "{07CADACC-1F7F-4DA0-A3AE-4E77016D1BD2}"
EndProject
Global
	GlobalSection(SolutionConfigurationPlatforms) = preSolution
		Debug|Any CPU = Debug|Any CPU
		Release|Any CPU = Release|Any CPU
	EndGlobalSection
	GlobalSection(ProjectConfigurationPlatforms) = postSolution
		{07CADACC-1F7F-4DA0-A3AE-4E77016D1BD2}.Debug|Any CPU.ActiveCfg = Debug|Any CPU
		{07CADACC-1F7F-4DA0-A3AE-4E77016D1BD2}.Debug|Any CPU.Build.0 = Debug|Any CPU
		{07CADACC-1F7F-4DA0-A3AE-4E77016D1BD2}.Release|Any CPU.ActiveCfg = Release|Any CPU
		{07CADACC-1F7F-4DA0-A3AE-4E77016D1BD2}.Release|Any CPU.Build.0 = Release|Any CPU
	EndGlobalSection
	GlobalSection(SolutionProperties) = preSolution
		HideSolutionNode = FALSE
	EndGlobalSection
	GlobalSection(ExtensibilityGlobals) = postSolution
		SolutionGuid = {3CADBC83-4021-4F4E-A208-4CD1ADB9F874}
	EndGlobalSection
EndGlobal
